
Microsoft Visual Studio Solution File, Format Version 12.00
# Visual Studio Version 16
VisualStudioVersion = 16.0.29418.71
MinimumVisualStudioVersion = 10.0.40219.1
Project("{FAE04EC0-301F-11D3-BF4B-00C04F79EFBC}") = "MarketStok.App", "MarketStok.App.csproj", "{9929A6BA-D2F3-4C08-A3F2-034BF7E5F467}"
EndProject
Global
	GlobalSection(SolutionConfigurationPlatforms) = preSolution
		Debug|Any CPU = Debug|Any CPU
		Release|Any CPU = Release|Any CPU
	EndGlobalSection
	GlobalSection(ProjectConfigurationPlatforms) = postSolution
		{9929A6BA-D2F3-4C08-A3F2-034BF7E5F467}.Debug|Any CPU.ActiveCfg = Debug|Any CPU
		{9929A6BA-D2F3-4C08-A3F2-034BF7E5F467}.Debug|Any CPU.Build.0 = Debug|Any CPU
		{9929A6BA-D2F3-4C08-A3F2-034BF7E5F467}.Release|Any CPU.ActiveCfg = Release|Any CPU
		{9929A6BA-D2F3-4C08-A3F2-034BF7E5F467}.Release|Any CPU.Build.0 = Release|Any CPU
	EndGlobalSection
	GlobalSection(SolutionProperties) = preSolution
		HideSolutionNode = FALSE
	EndGlobalSection
	GlobalSection(ExtensibilityGlobals) = postSolution
		SolutionGuid = {7150B3C8-32BE-49C2-9907-91961B08DBC9}
	EndGlobalSection
EndGlobal
